// !$*UTF8*$!
{
	archiveVersion = 1;
	classes = {
	};
	objectVersion = 56;
	objects = {

/* Begin PBXBuildFile section */
		8A41194D2C31951000FD294C /* AppDelegate.swift in Sources */ = {isa = PBXBuildFile; fileRef = 8A41194C2C31951000FD294C /* AppDelegate.swift */; };
		8A41194F2C31951000FD294C /* SceneDelegate.swift in Sources */ = {isa = PBXBuildFile; fileRef = 8A41194E2C31951000FD294C /* SceneDelegate.swift */; };
		8A4119562C31951200FD294C /* Assets.xcassets in Resources */ = {isa = PBXBuildFile; fileRef = 8A4119552C31951200FD294C /* Assets.xcassets */; };
		8A4119592C31951200FD294C /* LaunchScreen.storyboard in Resources */ = {isa = PBXBuildFile; fileRef = 8A4119572C31951200FD294C /* LaunchScreen.storyboard */; };
		8A4119612C31A7AF00FD294C /* TrackersViewController.swift in Sources */ = {isa = PBXBuildFile; fileRef = 8A4119602C31A7AE00FD294C /* TrackersViewController.swift */; };
		8A4119642C31BD4B00FD294C /* TabBarController.swift in Sources */ = {isa = PBXBuildFile; fileRef = 8A4119632C31BD4B00FD294C /* TabBarController.swift */; };
		8A73F7822C694D0F00284DDC /* OnboardingViewController.swift in Sources */ = {isa = PBXBuildFile; fileRef = 8A73F7812C694D0F00284DDC /* OnboardingViewController.swift */; };
		8A73F7842C6953B400284DDC /* OnboardingPageViewController.swift in Sources */ = {isa = PBXBuildFile; fileRef = 8A73F7832C6953B400284DDC /* OnboardingPageViewController.swift */; };
		8A73F7872C6C310C00284DDC /* CategoryViewController.swift in Sources */ = {isa = PBXBuildFile; fileRef = 8A73F7862C6C310C00284DDC /* CategoryViewController.swift */; };
		8A73F7892C6C38DA00284DDC /* CategoryViewCell.swift in Sources */ = {isa = PBXBuildFile; fileRef = 8A73F7882C6C38DA00284DDC /* CategoryViewCell.swift */; };
		8A73F78B2C6C3C6C00284DDC /* NewCategoryViewController.swift in Sources */ = {isa = PBXBuildFile; fileRef = 8A73F78A2C6C3C6C00284DDC /* NewCategoryViewController.swift */; };
		8A8A8B002C45BE2600FA508E /* NewTrackerCollectionViewCell.swift in Sources */ = {isa = PBXBuildFile; fileRef = 8A8A8AFF2C45BE2600FA508E /* NewTrackerCollectionViewCell.swift */; };
		8A8A8B022C45BF4E00FA508E /* NewTrackerHeaderView.swift in Sources */ = {isa = PBXBuildFile; fileRef = 8A8A8B012C45BF4E00FA508E /* NewTrackerHeaderView.swift */; };
		8A8A8B042C45C50100FA508E /* Constants.swift in Sources */ = {isa = PBXBuildFile; fileRef = 8A8A8B032C45C50100FA508E /* Constants.swift */; };
		8AB079802C6E8C9A001FF1AE /* CategoryViewModel.swift in Sources */ = {isa = PBXBuildFile; fileRef = 8AB0797F2C6E8C9A001FF1AE /* CategoryViewModel.swift */; };
		8ABD89852C33642F003A0625 /* Tracker.swift in Sources */ = {isa = PBXBuildFile; fileRef = 8ABD89842C33642F003A0625 /* Tracker.swift */; };
		8ABD89872C336611003A0625 /* TrackerCategory.swift in Sources */ = {isa = PBXBuildFile; fileRef = 8ABD89862C336611003A0625 /* TrackerCategory.swift */; };
		8ABD89892C3366BF003A0625 /* TrackerRecord.swift in Sources */ = {isa = PBXBuildFile; fileRef = 8ABD89882C3366BF003A0625 /* TrackerRecord.swift */; };
		8ABD898B2C3774A5003A0625 /* StatisticViewController.swift in Sources */ = {isa = PBXBuildFile; fileRef = 8ABD898A2C3774A5003A0625 /* StatisticViewController.swift */; };
		8ABD898D2C3C366F003A0625 /* TrackersViewCell.swift in Sources */ = {isa = PBXBuildFile; fileRef = 8ABD898C2C3C366F003A0625 /* TrackersViewCell.swift */; };
		8ABD89912C3D8829003A0625 /* HeaderViewController.swift in Sources */ = {isa = PBXBuildFile; fileRef = 8ABD89902C3D8829003A0625 /* HeaderViewController.swift */; };
		8ABD89932C4034D5003A0625 /* NewTrackersViewController.swift in Sources */ = {isa = PBXBuildFile; fileRef = 8ABD89922C4034D5003A0625 /* NewTrackersViewController.swift */; };
		8ABD89952C417FDD003A0625 /* NewHabitViewController.swift in Sources */ = {isa = PBXBuildFile; fileRef = 8ABD89942C417FDD003A0625 /* NewHabitViewController.swift */; };
		8ADD16A82C56EABC0095487D /* Model.xcdatamodeld in Sources */ = {isa = PBXBuildFile; fileRef = 8ADD16A62C56EABC0095487D /* Model.xcdatamodeld */; };
		8ADD16AF2C572F730095487D /* TrackerStore.swift in Sources */ = {isa = PBXBuildFile; fileRef = 8ADD16AE2C572F730095487D /* TrackerStore.swift */; };
		8ADD16B12C572F850095487D /* TrackerCategoryStore.swift in Sources */ = {isa = PBXBuildFile; fileRef = 8ADD16B02C572F850095487D /* TrackerCategoryStore.swift */; };
		8ADD16B32C572F8F0095487D /* TrackerRecordStore.swift in Sources */ = {isa = PBXBuildFile; fileRef = 8ADD16B22C572F8F0095487D /* TrackerRecordStore.swift */; };
		8ADD16B52C587D2A0095487D /* UIColorMarshalling.swift in Sources */ = {isa = PBXBuildFile; fileRef = 8ADD16B42C587D2A0095487D /* UIColorMarshalling.swift */; };
		8ADFB50F2C42EDF000BCB7B6 /* NewIrregularEventViewController.swift in Sources */ = {isa = PBXBuildFile; fileRef = 8ADFB50E2C42EDF000BCB7B6 /* NewIrregularEventViewController.swift */; };
		8ADFB5112C42F40900BCB7B6 /* NewHabitTableViewCell.swift in Sources */ = {isa = PBXBuildFile; fileRef = 8ADFB5102C42F40900BCB7B6 /* NewHabitTableViewCell.swift */; };
		8ADFB5132C4350E900BCB7B6 /* ScheduleViewController.swift in Sources */ = {isa = PBXBuildFile; fileRef = 8ADFB5122C4350E900BCB7B6 /* ScheduleViewController.swift */; };
		8ADFB5152C442AF500BCB7B6 /* ScheduleTableViewCell.swift in Sources */ = {isa = PBXBuildFile; fileRef = 8ADFB5142C442AF500BCB7B6 /* ScheduleTableViewCell.swift */; };
/* End PBXBuildFile section */

/* Begin PBXFileReference section */
		8A4119492C31951000FD294C /* Tracker.app */ = {isa = PBXFileReference; explicitFileType = wrapper.application; includeInIndex = 0; path = Tracker.app; sourceTree = BUILT_PRODUCTS_DIR; };
		8A41194C2C31951000FD294C /* AppDelegate.swift */ = {isa = PBXFileReference; lastKnownFileType = sourcecode.swift; path = AppDelegate.swift; sourceTree = "<group>"; };
		8A41194E2C31951000FD294C /* SceneDelegate.swift */ = {isa = PBXFileReference; lastKnownFileType = sourcecode.swift; path = SceneDelegate.swift; sourceTree = "<group>"; };
		8A4119552C31951200FD294C /* Assets.xcassets */ = {isa = PBXFileReference; lastKnownFileType = folder.assetcatalog; path = Assets.xcassets; sourceTree = "<group>"; };
		8A4119582C31951200FD294C /* Base */ = {isa = PBXFileReference; lastKnownFileType = file.storyboard; name = Base; path = Base.lproj/LaunchScreen.storyboard; sourceTree = "<group>"; };
		8A41195A2C31951200FD294C /* Info.plist */ = {isa = PBXFileReference; lastKnownFileType = text.plist.xml; path = Info.plist; sourceTree = "<group>"; };
		8A4119602C31A7AE00FD294C /* TrackersViewController.swift */ = {isa = PBXFileReference; lastKnownFileType = sourcecode.swift; path = TrackersViewController.swift; sourceTree = "<group>"; };
		8A4119632C31BD4B00FD294C /* TabBarController.swift */ = {isa = PBXFileReference; lastKnownFileType = sourcecode.swift; path = TabBarController.swift; sourceTree = "<group>"; };
		8A73F7812C694D0F00284DDC /* OnboardingViewController.swift */ = {isa = PBXFileReference; lastKnownFileType = sourcecode.swift; path = OnboardingViewController.swift; sourceTree = "<group>"; };
		8A73F7832C6953B400284DDC /* OnboardingPageViewController.swift */ = {isa = PBXFileReference; lastKnownFileType = sourcecode.swift; path = OnboardingPageViewController.swift; sourceTree = "<group>"; };
		8A73F7862C6C310C00284DDC /* CategoryViewController.swift */ = {isa = PBXFileReference; lastKnownFileType = sourcecode.swift; path = CategoryViewController.swift; sourceTree = "<group>"; };
		8A73F7882C6C38DA00284DDC /* CategoryViewCell.swift */ = {isa = PBXFileReference; lastKnownFileType = sourcecode.swift; path = CategoryViewCell.swift; sourceTree = "<group>"; };
		8A73F78A2C6C3C6C00284DDC /* NewCategoryViewController.swift */ = {isa = PBXFileReference; lastKnownFileType = sourcecode.swift; path = NewCategoryViewController.swift; sourceTree = "<group>"; };
		8A8A8AFF2C45BE2600FA508E /* NewTrackerCollectionViewCell.swift */ = {isa = PBXFileReference; lastKnownFileType = sourcecode.swift; path = NewTrackerCollectionViewCell.swift; sourceTree = "<group>"; };
		8A8A8B012C45BF4E00FA508E /* NewTrackerHeaderView.swift */ = {isa = PBXFileReference; lastKnownFileType = sourcecode.swift; path = NewTrackerHeaderView.swift; sourceTree = "<group>"; };
		8A8A8B032C45C50100FA508E /* Constants.swift */ = {isa = PBXFileReference; lastKnownFileType = sourcecode.swift; path = Constants.swift; sourceTree = "<group>"; };
		8AB0797F2C6E8C9A001FF1AE /* CategoryViewModel.swift */ = {isa = PBXFileReference; lastKnownFileType = sourcecode.swift; path = CategoryViewModel.swift; sourceTree = "<group>"; };
		8ABD89842C33642F003A0625 /* Tracker.swift */ = {isa = PBXFileReference; lastKnownFileType = sourcecode.swift; path = Tracker.swift; sourceTree = "<group>"; };
		8ABD89862C336611003A0625 /* TrackerCategory.swift */ = {isa = PBXFileReference; lastKnownFileType = sourcecode.swift; path = TrackerCategory.swift; sourceTree = "<group>"; };
		8ABD89882C3366BF003A0625 /* TrackerRecord.swift */ = {isa = PBXFileReference; lastKnownFileType = sourcecode.swift; path = TrackerRecord.swift; sourceTree = "<group>"; };
		8ABD898A2C3774A5003A0625 /* StatisticViewController.swift */ = {isa = PBXFileReference; lastKnownFileType = sourcecode.swift; path = StatisticViewController.swift; sourceTree = "<group>"; };
		8ABD898C2C3C366F003A0625 /* TrackersViewCell.swift */ = {isa = PBXFileReference; lastKnownFileType = sourcecode.swift; path = TrackersViewCell.swift; sourceTree = "<group>"; };
		8ABD89902C3D8829003A0625 /* HeaderViewController.swift */ = {isa = PBXFileReference; lastKnownFileType = sourcecode.swift; path = HeaderViewController.swift; sourceTree = "<group>"; };
		8ABD89922C4034D5003A0625 /* NewTrackersViewController.swift */ = {isa = PBXFileReference; lastKnownFileType = sourcecode.swift; path = NewTrackersViewController.swift; sourceTree = "<group>"; };
		8ABD89942C417FDD003A0625 /* NewHabitViewController.swift */ = {isa = PBXFileReference; lastKnownFileType = sourcecode.swift; path = NewHabitViewController.swift; sourceTree = "<group>"; };
		8ADD16A72C56EABC0095487D /* Model.xcdatamodel */ = {isa = PBXFileReference; lastKnownFileType = wrapper.xcdatamodel; path = Model.xcdatamodel; sourceTree = "<group>"; };
		8ADD16AE2C572F730095487D /* TrackerStore.swift */ = {isa = PBXFileReference; lastKnownFileType = sourcecode.swift; path = TrackerStore.swift; sourceTree = "<group>"; };
		8ADD16B02C572F850095487D /* TrackerCategoryStore.swift */ = {isa = PBXFileReference; lastKnownFileType = sourcecode.swift; path = TrackerCategoryStore.swift; sourceTree = "<group>"; };
		8ADD16B22C572F8F0095487D /* TrackerRecordStore.swift */ = {isa = PBXFileReference; lastKnownFileType = sourcecode.swift; path = TrackerRecordStore.swift; sourceTree = "<group>"; };
		8ADD16B42C587D2A0095487D /* UIColorMarshalling.swift */ = {isa = PBXFileReference; lastKnownFileType = sourcecode.swift; path = UIColorMarshalling.swift; sourceTree = "<group>"; };
		8ADFB50E2C42EDF000BCB7B6 /* NewIrregularEventViewController.swift */ = {isa = PBXFileReference; lastKnownFileType = sourcecode.swift; path = NewIrregularEventViewController.swift; sourceTree = "<group>"; };
		8ADFB5102C42F40900BCB7B6 /* NewHabitTableViewCell.swift */ = {isa = PBXFileReference; lastKnownFileType = sourcecode.swift; path = NewHabitTableViewCell.swift; sourceTree = "<group>"; };
		8ADFB5122C4350E900BCB7B6 /* ScheduleViewController.swift */ = {isa = PBXFileReference; lastKnownFileType = sourcecode.swift; path = ScheduleViewController.swift; sourceTree = "<group>"; };
		8ADFB5142C442AF500BCB7B6 /* ScheduleTableViewCell.swift */ = {isa = PBXFileReference; lastKnownFileType = sourcecode.swift; path = ScheduleTableViewCell.swift; sourceTree = "<group>"; };
/* End PBXFileReference section */

/* Begin PBXFrameworksBuildPhase section */
		8A4119462C31951000FD294C /* Frameworks */ = {
			isa = PBXFrameworksBuildPhase;
			buildActionMask = 2147483647;
			files = (
			);
			runOnlyForDeploymentPostprocessing = 0;
		};
/* End PBXFrameworksBuildPhase section */

/* Begin PBXGroup section */
		8A4119402C31951000FD294C = {
			isa = PBXGroup;
			children = (
				8A41194B2C31951000FD294C /* Tracker */,
				8A41194A2C31951000FD294C /* Products */,
			);
			sourceTree = "<group>";
		};
		8A41194A2C31951000FD294C /* Products */ = {
			isa = PBXGroup;
			children = (
				8A4119492C31951000FD294C /* Tracker.app */,
			);
			name = Products;
			sourceTree = "<group>";
		};
		8A41194B2C31951000FD294C /* Tracker */ = {
			isa = PBXGroup;
			children = (
				8A41194C2C31951000FD294C /* AppDelegate.swift */,
				8A41194E2C31951000FD294C /* SceneDelegate.swift */,
				8A8A8B032C45C50100FA508E /* Constants.swift */,
				8A41F3642C46C34D00362C37 /* TrackersViewController */,
				8A41F3682C46C40700362C37 /* NewTrackersViewController */,
				8A41F3692C46C43100362C37 /* NewHabitViewController */,
				8A41F3672C46C3EF00362C37 /* NewIrregularEventViewController */,
				8A41F3662C46C3D300362C37 /* ScheduleViewController */,
				8A73F7852C6C30E400284DDC /* CategoryViewController */,
				8A41F3652C46C37300362C37 /* StatisticViewController */,
				8A4119622C31BD2500FD294C /* TabBarController */,
				8ADD16AA2C572F1C0095487D /* Domain */,
				8ADD16A92C56EAD90095487D /* CoreData */,
				8A73F7802C694A5200284DDC /* Onboarding */,
				8A4119552C31951200FD294C /* Assets.xcassets */,
				8A4119572C31951200FD294C /* LaunchScreen.storyboard */,
				8A41195A2C31951200FD294C /* Info.plist */,
			);
			path = Tracker;
			sourceTree = "<group>";
		};
		8A4119622C31BD2500FD294C /* TabBarController */ = {
			isa = PBXGroup;
			children = (
				8A4119632C31BD4B00FD294C /* TabBarController.swift */,
			);
			path = TabBarController;
			sourceTree = "<group>";
		};
		8A41F3642C46C34D00362C37 /* TrackersViewController */ = {
			isa = PBXGroup;
			children = (
				8A4119602C31A7AE00FD294C /* TrackersViewController.swift */,
				8ABD898C2C3C366F003A0625 /* TrackersViewCell.swift */,
				8ABD89902C3D8829003A0625 /* HeaderViewController.swift */,
				8ABD89832C3363FC003A0625 /* Models */,
			);
			path = TrackersViewController;
			sourceTree = "<group>";
		};
		8A41F3652C46C37300362C37 /* StatisticViewController */ = {
			isa = PBXGroup;
			children = (
				8ABD898A2C3774A5003A0625 /* StatisticViewController.swift */,
			);
			path = StatisticViewController;
			sourceTree = "<group>";
		};
		8A41F3662C46C3D300362C37 /* ScheduleViewController */ = {
			isa = PBXGroup;
			children = (
				8ADFB5122C4350E900BCB7B6 /* ScheduleViewController.swift */,
				8ADFB5142C442AF500BCB7B6 /* ScheduleTableViewCell.swift */,
			);
			path = ScheduleViewController;
			sourceTree = "<group>";
		};
		8A41F3672C46C3EF00362C37 /* NewIrregularEventViewController */ = {
			isa = PBXGroup;
			children = (
				8ADFB50E2C42EDF000BCB7B6 /* NewIrregularEventViewController.swift */,
			);
			path = NewIrregularEventViewController;
			sourceTree = "<group>";
		};
		8A41F3682C46C40700362C37 /* NewTrackersViewController */ = {
			isa = PBXGroup;
			children = (
				8ABD89922C4034D5003A0625 /* NewTrackersViewController.swift */,
				8A8A8AFF2C45BE2600FA508E /* NewTrackerCollectionViewCell.swift */,
				8A8A8B012C45BF4E00FA508E /* NewTrackerHeaderView.swift */,
			);
			path = NewTrackersViewController;
			sourceTree = "<group>";
		};
		8A41F3692C46C43100362C37 /* NewHabitViewController */ = {
			isa = PBXGroup;
			children = (
				8ABD89942C417FDD003A0625 /* NewHabitViewController.swift */,
				8ADFB5102C42F40900BCB7B6 /* NewHabitTableViewCell.swift */,
			);
			path = NewHabitViewController;
			sourceTree = "<group>";
		};
		8A73F7802C694A5200284DDC /* Onboarding */ = {
			isa = PBXGroup;
			children = (
				8A73F7812C694D0F00284DDC /* OnboardingViewController.swift */,
				8A73F7832C6953B400284DDC /* OnboardingPageViewController.swift */,
			);
			path = Onboarding;
			sourceTree = "<group>";
		};
		8A73F7852C6C30E400284DDC /* CategoryViewController */ = {
			isa = PBXGroup;
			children = (
				8A73F7862C6C310C00284DDC /* CategoryViewController.swift */,
				8A73F7882C6C38DA00284DDC /* CategoryViewCell.swift */,
				8A73F78A2C6C3C6C00284DDC /* NewCategoryViewController.swift */,
				8AB0797F2C6E8C9A001FF1AE /* CategoryViewModel.swift */,
			);
			path = CategoryViewController;
			sourceTree = "<group>";
		};
		8ABD89832C3363FC003A0625 /* Models */ = {
			isa = PBXGroup;
			children = (
				8ABD89842C33642F003A0625 /* Tracker.swift */,
				8ABD89862C336611003A0625 /* TrackerCategory.swift */,
				8ABD89882C3366BF003A0625 /* TrackerRecord.swift */,
			);
			path = Models;
			sourceTree = "<group>";
		};
		8ADD16A92C56EAD90095487D /* CoreData */ = {
			isa = PBXGroup;
			children = (
				8ADD16A62C56EABC0095487D /* Model.xcdatamodeld */,
			);
			path = CoreData;
			sourceTree = "<group>";
		};
		8ADD16AA2C572F1C0095487D /* Domain */ = {
			isa = PBXGroup;
			children = (
				8ADD16AE2C572F730095487D /* TrackerStore.swift */,
				8ADD16B02C572F850095487D /* TrackerCategoryStore.swift */,
				8ADD16B22C572F8F0095487D /* TrackerRecordStore.swift */,
				8ADD16B42C587D2A0095487D /* UIColorMarshalling.swift */,
			);
			path = Domain;
			sourceTree = "<group>";
		};
/* End PBXGroup section */

/* Begin PBXNativeTarget section */
		8A4119482C31951000FD294C /* Tracker */ = {
			isa = PBXNativeTarget;
			buildConfigurationList = 8A41195D2C31951200FD294C /* Build configuration list for PBXNativeTarget "Tracker" */;
			buildPhases = (
				8A4119452C31951000FD294C /* Sources */,
				8A4119462C31951000FD294C /* Frameworks */,
				8A4119472C31951000FD294C /* Resources */,
			);
			buildRules = (
			);
			dependencies = (
			);
			name = Tracker;
			productName = Tracker;
			productReference = 8A4119492C31951000FD294C /* Tracker.app */;
			productType = "com.apple.product-type.application";
		};
/* End PBXNativeTarget section */

/* Begin PBXProject section */
		8A4119412C31951000FD294C /* Project object */ = {
			isa = PBXProject;
			attributes = {
				BuildIndependentTargetsInParallel = 1;
				LastSwiftUpdateCheck = 1420;
				LastUpgradeCheck = 1420;
				TargetAttributes = {
					8A4119482C31951000FD294C = {
						CreatedOnToolsVersion = 14.2;
					};
				};
			};
			buildConfigurationList = 8A4119442C31951000FD294C /* Build configuration list for PBXProject "Tracker" */;
			compatibilityVersion = "Xcode 14.0";
			developmentRegion = en;
			hasScannedForEncodings = 0;
			knownRegions = (
				en,
				Base,
			);
			mainGroup = 8A4119402C31951000FD294C;
			productRefGroup = 8A41194A2C31951000FD294C /* Products */;
			projectDirPath = "";
			projectRoot = "";
			targets = (
				8A4119482C31951000FD294C /* Tracker */,
			);
		};
/* End PBXProject section */

/* Begin PBXResourcesBuildPhase section */
		8A4119472C31951000FD294C /* Resources */ = {
			isa = PBXResourcesBuildPhase;
			buildActionMask = 2147483647;
			files = (
				8A4119592C31951200FD294C /* LaunchScreen.storyboard in Resources */,
				8A4119562C31951200FD294C /* Assets.xcassets in Resources */,
			);
			runOnlyForDeploymentPostprocessing = 0;
		};
/* End PBXResourcesBuildPhase section */

/* Begin PBXSourcesBuildPhase section */
		8A4119452C31951000FD294C /* Sources */ = {
			isa = PBXSourcesBuildPhase;
			buildActionMask = 2147483647;
			files = (
				8A73F7842C6953B400284DDC /* OnboardingPageViewController.swift in Sources */,
				8ABD89852C33642F003A0625 /* Tracker.swift in Sources */,
				8ABD898D2C3C366F003A0625 /* TrackersViewCell.swift in Sources */,
				8ABD89892C3366BF003A0625 /* TrackerRecord.swift in Sources */,
				8ADD16B32C572F8F0095487D /* TrackerRecordStore.swift in Sources */,
				8ADFB5132C4350E900BCB7B6 /* ScheduleViewController.swift in Sources */,
				8ADFB5112C42F40900BCB7B6 /* NewHabitTableViewCell.swift in Sources */,
				8A4119642C31BD4B00FD294C /* TabBarController.swift in Sources */,
				8A41194D2C31951000FD294C /* AppDelegate.swift in Sources */,
				8ADD16A82C56EABC0095487D /* Model.xcdatamodeld in Sources */,
				8A8A8B022C45BF4E00FA508E /* NewTrackerHeaderView.swift in Sources */,
				8A73F7892C6C38DA00284DDC /* CategoryViewCell.swift in Sources */,
				8ADD16B52C587D2A0095487D /* UIColorMarshalling.swift in Sources */,
				8A8A8B002C45BE2600FA508E /* NewTrackerCollectionViewCell.swift in Sources */,
				8A73F7822C694D0F00284DDC /* OnboardingViewController.swift in Sources */,
				8ABD89912C3D8829003A0625 /* HeaderViewController.swift in Sources */,
				8A41194F2C31951000FD294C /* SceneDelegate.swift in Sources */,
				8A73F7872C6C310C00284DDC /* CategoryViewController.swift in Sources */,
				8ADFB50F2C42EDF000BCB7B6 /* NewIrregularEventViewController.swift in Sources */,
				8A73F78B2C6C3C6C00284DDC /* NewCategoryViewController.swift in Sources */,
				8ADFB5152C442AF500BCB7B6 /* ScheduleTableViewCell.swift in Sources */,
				8ADD16B12C572F850095487D /* TrackerCategoryStore.swift in Sources */,
				8AB079802C6E8C9A001FF1AE /* CategoryViewModel.swift in Sources */,
				8ADD16AF2C572F730095487D /* TrackerStore.swift in Sources */,
				8ABD89952C417FDD003A0625 /* NewHabitViewController.swift in Sources */,
				8A8A8B042C45C50100FA508E /* Constants.swift in Sources */,
				8ABD898B2C3774A5003A0625 /* StatisticViewController.swift in Sources */,
				8A4119612C31A7AF00FD294C /* TrackersViewController.swift in Sources */,
				8ABD89932C4034D5003A0625 /* NewTrackersViewController.swift in Sources */,
				8ABD89872C336611003A0625 /* TrackerCategory.swift in Sources */,
			);
			runOnlyForDeploymentPostprocessing = 0;
		};
/* End PBXSourcesBuildPhase section */

/* Begin PBXVariantGroup section */
		8A4119572C31951200FD294C /* LaunchScreen.storyboard */ = {
			isa = PBXVariantGroup;
			children = (
				8A4119582C31951200FD294C /* Base */,
			);
			name = LaunchScreen.storyboard;
			sourceTree = "<group>";
		};
/* End PBXVariantGroup section */

/* Begin XCBuildConfiguration section */
		8A41195B2C31951200FD294C /* Debug */ = {
			isa = XCBuildConfiguration;
			buildSettings = {
				ALWAYS_SEARCH_USER_PATHS = NO;
				CLANG_ANALYZER_NONNULL = YES;
				CLANG_ANALYZER_NUMBER_OBJECT_CONVERSION = YES_AGGRESSIVE;
				CLANG_CXX_LANGUAGE_STANDARD = "gnu++20";
				CLANG_ENABLE_MODULES = YES;
				CLANG_ENABLE_OBJC_ARC = YES;
				CLANG_ENABLE_OBJC_WEAK = YES;
				CLANG_WARN_BLOCK_CAPTURE_AUTORELEASING = YES;
				CLANG_WARN_BOOL_CONVERSION = YES;
				CLANG_WARN_COMMA = YES;
				CLANG_WARN_CONSTANT_CONVERSION = YES;
				CLANG_WARN_DEPRECATED_OBJC_IMPLEMENTATIONS = YES;
				CLANG_WARN_DIRECT_OBJC_ISA_USAGE = YES_ERROR;
				CLANG_WARN_DOCUMENTATION_COMMENTS = YES;
				CLANG_WARN_EMPTY_BODY = YES;
				CLANG_WARN_ENUM_CONVERSION = YES;
				CLANG_WARN_INFINITE_RECURSION = YES;
				CLANG_WARN_INT_CONVERSION = YES;
				CLANG_WARN_NON_LITERAL_NULL_CONVERSION = YES;
				CLANG_WARN_OBJC_IMPLICIT_RETAIN_SELF = YES;
				CLANG_WARN_OBJC_LITERAL_CONVERSION = YES;
				CLANG_WARN_OBJC_ROOT_CLASS = YES_ERROR;
				CLANG_WARN_QUOTED_INCLUDE_IN_FRAMEWORK_HEADER = YES;
				CLANG_WARN_RANGE_LOOP_ANALYSIS = YES;
				CLANG_WARN_STRICT_PROTOTYPES = YES;
				CLANG_WARN_SUSPICIOUS_MOVE = YES;
				CLANG_WARN_UNGUARDED_AVAILABILITY = YES_AGGRESSIVE;
				CLANG_WARN_UNREACHABLE_CODE = YES;
				CLANG_WARN__DUPLICATE_METHOD_MATCH = YES;
				COPY_PHASE_STRIP = NO;
				DEBUG_INFORMATION_FORMAT = dwarf;
				ENABLE_STRICT_OBJC_MSGSEND = YES;
				ENABLE_TESTABILITY = YES;
				GCC_C_LANGUAGE_STANDARD = gnu11;
				GCC_DYNAMIC_NO_PIC = NO;
				GCC_NO_COMMON_BLOCKS = YES;
				GCC_OPTIMIZATION_LEVEL = 0;
				GCC_PREPROCESSOR_DEFINITIONS = (
					"DEBUG=1",
					"$(inherited)",
				);
				GCC_WARN_64_TO_32_BIT_CONVERSION = YES;
				GCC_WARN_ABOUT_RETURN_TYPE = YES_ERROR;
				GCC_WARN_UNDECLARED_SELECTOR = YES;
				GCC_WARN_UNINITIALIZED_AUTOS = YES_AGGRESSIVE;
				GCC_WARN_UNUSED_FUNCTION = YES;
				GCC_WARN_UNUSED_VARIABLE = YES;
				IPHONEOS_DEPLOYMENT_TARGET = 13.4;
				MTL_ENABLE_DEBUG_INFO = INCLUDE_SOURCE;
				MTL_FAST_MATH = YES;
				ONLY_ACTIVE_ARCH = YES;
				SDKROOT = iphoneos;
				SWIFT_ACTIVE_COMPILATION_CONDITIONS = DEBUG;
				SWIFT_OPTIMIZATION_LEVEL = "-Onone";
			};
			name = Debug;
		};
		8A41195C2C31951200FD294C /* Release */ = {
			isa = XCBuildConfiguration;
			buildSettings = {
				ALWAYS_SEARCH_USER_PATHS = NO;
				CLANG_ANALYZER_NONNULL = YES;
				CLANG_ANALYZER_NUMBER_OBJECT_CONVERSION = YES_AGGRESSIVE;
				CLANG_CXX_LANGUAGE_STANDARD = "gnu++20";
				CLANG_ENABLE_MODULES = YES;
				CLANG_ENABLE_OBJC_ARC = YES;
				CLANG_ENABLE_OBJC_WEAK = YES;
				CLANG_WARN_BLOCK_CAPTURE_AUTORELEASING = YES;
				CLANG_WARN_BOOL_CONVERSION = YES;
				CLANG_WARN_COMMA = YES;
				CLANG_WARN_CONSTANT_CONVERSION = YES;
				CLANG_WARN_DEPRECATED_OBJC_IMPLEMENTATIONS = YES;
				CLANG_WARN_DIRECT_OBJC_ISA_USAGE = YES_ERROR;
				CLANG_WARN_DOCUMENTATION_COMMENTS = YES;
				CLANG_WARN_EMPTY_BODY = YES;
				CLANG_WARN_ENUM_CONVERSION = YES;
				CLANG_WARN_INFINITE_RECURSION = YES;
				CLANG_WARN_INT_CONVERSION = YES;
				CLANG_WARN_NON_LITERAL_NULL_CONVERSION = YES;
				CLANG_WARN_OBJC_IMPLICIT_RETAIN_SELF = YES;
				CLANG_WARN_OBJC_LITERAL_CONVERSION = YES;
				CLANG_WARN_OBJC_ROOT_CLASS = YES_ERROR;
				CLANG_WARN_QUOTED_INCLUDE_IN_FRAMEWORK_HEADER = YES;
				CLANG_WARN_RANGE_LOOP_ANALYSIS = YES;
				CLANG_WARN_STRICT_PROTOTYPES = YES;
				CLANG_WARN_SUSPICIOUS_MOVE = YES;
				CLANG_WARN_UNGUARDED_AVAILABILITY = YES_AGGRESSIVE;
				CLANG_WARN_UNREACHABLE_CODE = YES;
				CLANG_WARN__DUPLICATE_METHOD_MATCH = YES;
				COPY_PHASE_STRIP = NO;
				DEBUG_INFORMATION_FORMAT = "dwarf-with-dsym";
				ENABLE_NS_ASSERTIONS = NO;
				ENABLE_STRICT_OBJC_MSGSEND = YES;
				GCC_C_LANGUAGE_STANDARD = gnu11;
				GCC_NO_COMMON_BLOCKS = YES;
				GCC_WARN_64_TO_32_BIT_CONVERSION = YES;
				GCC_WARN_ABOUT_RETURN_TYPE = YES_ERROR;
				GCC_WARN_UNDECLARED_SELECTOR = YES;
				GCC_WARN_UNINITIALIZED_AUTOS = YES_AGGRESSIVE;
				GCC_WARN_UNUSED_FUNCTION = YES;
				GCC_WARN_UNUSED_VARIABLE = YES;
				IPHONEOS_DEPLOYMENT_TARGET = 13.4;
				MTL_ENABLE_DEBUG_INFO = NO;
				MTL_FAST_MATH = YES;
				SDKROOT = iphoneos;
				SWIFT_COMPILATION_MODE = wholemodule;
				SWIFT_OPTIMIZATION_LEVEL = "-O";
				VALIDATE_PRODUCT = YES;
			};
			name = Release;
		};
		8A41195E2C31951200FD294C /* Debug */ = {
			isa = XCBuildConfiguration;
			buildSettings = {
				ASSETCATALOG_COMPILER_APPICON_NAME = AppIcon;
				ASSETCATALOG_COMPILER_GLOBAL_ACCENT_COLOR_NAME = AccentColor;
				CODE_SIGN_STYLE = Automatic;
				CURRENT_PROJECT_VERSION = 1;
				DEVELOPMENT_TEAM = N554T2QHWZ;
				GENERATE_INFOPLIST_FILE = YES;
				INFOPLIST_FILE = Tracker/Info.plist;
				INFOPLIST_KEY_UIApplicationSupportsIndirectInputEvents = YES;
				INFOPLIST_KEY_UILaunchStoryboardName = LaunchScreen;
				INFOPLIST_KEY_UISupportedInterfaceOrientations_iPad = "UIInterfaceOrientationPortrait UIInterfaceOrientationPortraitUpsideDown UIInterfaceOrientationLandscapeLeft UIInterfaceOrientationLandscapeRight";
				INFOPLIST_KEY_UISupportedInterfaceOrientations_iPhone = "UIInterfaceOrientationPortrait UIInterfaceOrientationLandscapeLeft UIInterfaceOrientationLandscapeRight";
				IPHONEOS_DEPLOYMENT_TARGET = 13.4;
				LD_RUNPATH_SEARCH_PATHS = (
					"$(inherited)",
					"@executable_path/Frameworks",
				);
				MARKETING_VERSION = 1.0;
				PRODUCT_BUNDLE_IDENTIFIER = com.bakytushka.Tracker;
				PRODUCT_NAME = "$(TARGET_NAME)";
				SWIFT_EMIT_LOC_STRINGS = YES;
				SWIFT_VERSION = 5.0;
				TARGETED_DEVICE_FAMILY = 1;
			};
			name = Debug;
		};
		8A41195F2C31951200FD294C /* Release */ = {
			isa = XCBuildConfiguration;
			buildSettings = {
				ASSETCATALOG_COMPILER_APPICON_NAME = AppIcon;
				ASSETCATALOG_COMPILER_GLOBAL_ACCENT_COLOR_NAME = AccentColor;
				CODE_SIGN_STYLE = Automatic;
				CURRENT_PROJECT_VERSION = 1;
				DEVELOPMENT_TEAM = N554T2QHWZ;
				GENERATE_INFOPLIST_FILE = YES;
				INFOPLIST_FILE = Tracker/Info.plist;
				INFOPLIST_KEY_UIApplicationSupportsIndirectInputEvents = YES;
				INFOPLIST_KEY_UILaunchStoryboardName = LaunchScreen;
				INFOPLIST_KEY_UISupportedInterfaceOrientations_iPad = "UIInterfaceOrientationPortrait UIInterfaceOrientationPortraitUpsideDown UIInterfaceOrientationLandscapeLeft UIInterfaceOrientationLandscapeRight";
				INFOPLIST_KEY_UISupportedInterfaceOrientations_iPhone = "UIInterfaceOrientationPortrait UIInterfaceOrientationLandscapeLeft UIInterfaceOrientationLandscapeRight";
				IPHONEOS_DEPLOYMENT_TARGET = 13.4;
				LD_RUNPATH_SEARCH_PATHS = (
					"$(inherited)",
					"@executable_path/Frameworks",
				);
				MARKETING_VERSION = 1.0;
				PRODUCT_BUNDLE_IDENTIFIER = com.bakytushka.Tracker;
				PRODUCT_NAME = "$(TARGET_NAME)";
				SWIFT_EMIT_LOC_STRINGS = YES;
				SWIFT_VERSION = 5.0;
				TARGETED_DEVICE_FAMILY = 1;
			};
			name = Release;
		};
/* End XCBuildConfiguration section */

/* Begin XCConfigurationList section */
		8A4119442C31951000FD294C /* Build configuration list for PBXProject "Tracker" */ = {
			isa = XCConfigurationList;
			buildConfigurations = (
				8A41195B2C31951200FD294C /* Debug */,
				8A41195C2C31951200FD294C /* Release */,
			);
			defaultConfigurationIsVisible = 0;
			defaultConfigurationName = Release;
		};
		8A41195D2C31951200FD294C /* Build configuration list for PBXNativeTarget "Tracker" */ = {
			isa = XCConfigurationList;
			buildConfigurations = (
				8A41195E2C31951200FD294C /* Debug */,
				8A41195F2C31951200FD294C /* Release */,
			);
			defaultConfigurationIsVisible = 0;
			defaultConfigurationName = Release;
		};
/* End XCConfigurationList section */

/* Begin XCVersionGroup section */
		8ADD16A62C56EABC0095487D /* Model.xcdatamodeld */ = {
			isa = XCVersionGroup;
			children = (
				8ADD16A72C56EABC0095487D /* Model.xcdatamodel */,
			);
			currentVersion = 8ADD16A72C56EABC0095487D /* Model.xcdatamodel */;
			path = Model.xcdatamodeld;
			sourceTree = "<group>";
			versionGroupType = wrapper.xcdatamodel;
		};
/* End XCVersionGroup section */
	};
	rootObject = 8A4119412C31951000FD294C /* Project object */;
}
